Microsoft Visual Studio Solution File, Format Version 12.00
# Visual Studio Version 17
VisualStudioVersion = 17.5.2.0
MinimumVisualStudioVersion = 10.0.40219.1
Project("{2150E333-8FDC-42A3-9474-1A3956D46DE8}") = "api", "api", "{D82C56D6-B2CD-F611-9E31-04638F7EC30E}"
EndProject
Project("{2150E333-8FDC-42A3-9474-1A3956D46DE8}") = "DietTrackr.api", "DietTrackr.api", "{C83249E6-BEC0-5D9F-173D-7FA957017048}"
EndProject
Project("{FAE04EC0-301F-11D3-BF4B-00C04F79EFBC}") = "DietTrackr", "api\DietTrackr.api\DietTrackr\DietTrackr.csproj", "{551C279D-F0B6-6CB8-E1BB-EFD51AC237B6}"
EndProject
Global
	GlobalSection(SolutionConfigurationPlatforms) = preSolution
		Debug|Any CPU = Debug|Any CPU
		Release|Any CPU = Release|Any CPU
	EndGlobalSection
	GlobalSection(ProjectConfigurationPlatforms) = postSolution
		{551C279D-F0B6-6CB8-E1BB-EFD51AC237B6}.Debug|Any CPU.ActiveCfg = Debug|Any CPU
		{551C279D-F0B6-6CB8-E1BB-EFD51AC237B6}.Debug|Any CPU.Build.0 = Debug|Any CPU
		{551C279D-F0B6-6CB8-E1BB-EFD51AC237B6}.Release|Any CPU.ActiveCfg = Release|Any CPU
		{551C279D-F0B6-6CB8-E1BB-EFD51AC237B6}.Release|Any CPU.Build.0 = Release|Any CPU
	EndGlobalSection
	GlobalSection(SolutionProperties) = preSolution
		HideSolutionNode = FALSE
	EndGlobalSection
	GlobalSection(NestedProjects) = preSolution
		{C83249E6-BEC0-5D9F-173D-7FA957017048} = {D82C56D6-B2CD-F611-9E31-04638F7EC30E}
		{551C279D-F0B6-6CB8-E1BB-EFD51AC237B6} = {C83249E6-BEC0-5D9F-173D-7FA957017048}
	EndGlobalSection
	GlobalSection(ExtensibilityGlobals) = postSolution
		SolutionGuid = {04E4B0EE-AC8C-48F0-BA8E-C2A76FBDA8A0}
	EndGlobalSection
EndGlobal
